Microsoft Visual Studio Solution File, Format Version 12.00
# Visual Studio Version 17
VisualStudioVersion = 17.13.35919.96
MinimumVisualStudioVersion = 10.0.40219.1
Project("{FAE04EC0-301F-11D3-BF4B-00C04F79EFBC}") = "WebApplication3", "WebApplication3\WebApplication3.csproj", "{EE935995-33A8-4AB2-9A6C-5AA6D77C0359}"
EndProject
Global
	GlobalSection(SolutionConfigurationPlatforms) = preSolution
		Debug|Any CPU = Debug|Any CPU
		Release|Any CPU = Release|Any CPU
	EndGlobalSection
	GlobalSection(ProjectConfigurationPlatforms) = postSolution
		{EE935995-33A8-4AB2-9A6C-5AA6D77C0359}.Debug|Any CPU.ActiveCfg = Debug|Any CPU
		{EE935995-33A8-4AB2-9A6C-5AA6D77C0359}.Debug|Any CPU.Build.0 = Debug|Any CPU
		{EE935995-33A8-4AB2-9A6C-5AA6D77C0359}.Release|Any CPU.ActiveCfg = Release|Any CPU
		{EE935995-33A8-4AB2-9A6C-5AA6D77C0359}.Release|Any CPU.Build.0 = Release|Any CPU
	EndGlobalSection
	GlobalSection(SolutionProperties) = preSolution
		HideSolutionNode = FALSE
	EndGlobalSection
	GlobalSection(ExtensibilityGlobals) = postSolution
		SolutionGuid = {E6590D43-99A8-491A-A5F8-90D458A3D1A6}
	EndGlobalSection
EndGlobal
